// !$*UTF8*$!
{
	archiveVersion = 1;
	classes = {
	};
	objectVersion = 56;
	objects = {

/* Begin PBXBuildFile section */
		9B73B28F2B8DF53600F9E88D /* MyDiplomWorkUnitTest.swift in Sources */ = {isa = PBXBuildFile; fileRef = 9B73B28E2B8DF53600F9E88D /* MyDiplomWorkUnitTest.swift */; };
		9B73B29C2B8DFF7A00F9E88D /* MyDiplomWorkUITests.swift in Sources */ = {isa = PBXBuildFile; fileRef = 9B73B29B2B8DFF7A00F9E88D /* MyDiplomWorkUITests.swift */; };
		9B73B29E2B8DFF7A00F9E88D /* MyDiplomWorkUITestsLaunchTests.swift in Sources */ = {isa = PBXBuildFile; fileRef = 9B73B29D2B8DFF7A00F9E88D /* MyDiplomWorkUITestsLaunchTests.swift */; };
		9B75F3562B8B6EA0005274F0 /* MyDiplomWorkApp.swift in Sources */ = {isa = PBXBuildFile; fileRef = 9B75F3552B8B6EA0005274F0 /* MyDiplomWorkApp.swift */; };
		9B75F3582B8B6EA0005274F0 /* ContentView.swift in Sources */ = {isa = PBXBuildFile; fileRef = 9B75F3572B8B6EA0005274F0 /* ContentView.swift */; };
		9B75F35A2B8B6EA2005274F0 /* Assets.xcassets in Resources */ = {isa = PBXBuildFile; fileRef = 9B75F3592B8B6EA2005274F0 /* Assets.xcassets */; };
		9B75F35D2B8B6EA2005274F0 /* Preview Assets.xcassets in Resources */ = {isa = PBXBuildFile; fileRef = 9B75F35C2B8B6EA2005274F0 /* Preview Assets.xcassets */; };
		9B75F3662B8B6FB5005274F0 /* ExtensionSequence.swift in Sources */ = {isa = PBXBuildFile; fileRef = 9B75F3652B8B6FB5005274F0 /* ExtensionSequence.swift */; };
		9B75F36C2B8B7287005274F0 /* Sales.swift in Sources */ = {isa = PBXBuildFile; fileRef = 9B75F36B2B8B7287005274F0 /* Sales.swift */; };
		9B75F36E2B8B72E8005274F0 /* Product.swift in Sources */ = {isa = PBXBuildFile; fileRef = 9B75F36D2B8B72E8005274F0 /* Product.swift */; };
		9B75F3702B8B7421005274F0 /* ProductViewModel.swift in Sources */ = {isa = PBXBuildFile; fileRef = 9B75F36F2B8B7421005274F0 /* ProductViewModel.swift */; };
		9B75F3722B8B758B005274F0 /* ProductPickerOption.swift in Sources */ = {isa = PBXBuildFile; fileRef = 9B75F3712B8B758B005274F0 /* ProductPickerOption.swift */; };
		9B75F3762B8B7B68005274F0 /* ProductPicker.swift in Sources */ = {isa = PBXBuildFile; fileRef = 9B75F3752B8B7B68005274F0 /* ProductPicker.swift */; };
		9B75F37A2B8B7C2C005274F0 /* ProductSalesSum.swift in Sources */ = {isa = PBXBuildFile; fileRef = 9B75F3792B8B7C2C005274F0 /* ProductSalesSum.swift */; };
		9B75F37C2B8B7D4C005274F0 /* ProductBar.swift in Sources */ = {isa = PBXBuildFile; fileRef = 9B75F37B2B8B7D4C005274F0 /* ProductBar.swift */; };
		9B75F37F2B8B8343005274F0 /* TextAnimationValue.swift in Sources */ = {isa = PBXBuildFile; fileRef = 9B75F37E2B8B8343005274F0 /* TextAnimationValue.swift */; };
/* End PBXBuildFile section */

/* Begin PBXContainerItemProxy section */
		9B73B2832B8DF14E00F9E88D /* PBXContainerItemProxy */ = {
			isa = PBXContainerItemProxy;
			containerPortal = 9B75F34A2B8B6EA0005274F0 /* Project object */;
			proxyType = 1;
			remoteGlobalIDString = 9B75F3512B8B6EA0005274F0;
			remoteInfo = MyDiplomWork;
		};
		9B73B2902B8DF53600F9E88D /* PBXContainerItemProxy */ = {
			isa = PBXContainerItemProxy;
			containerPortal = 9B75F34A2B8B6EA0005274F0 /* Project object */;
			proxyType = 1;
			remoteGlobalIDString = 9B75F3512B8B6EA0005274F0;
			remoteInfo = MyDiplomWork;
		};
		9B73B29F2B8DFF7A00F9E88D /* PBXContainerItemProxy */ = {
			isa = PBXContainerItemProxy;
			containerPortal = 9B75F34A2B8B6EA0005274F0 /* Project object */;
			proxyType = 1;
			remoteGlobalIDString = 9B75F3512B8B6EA0005274F0;
			remoteInfo = MyDiplomWork;
		};
/* End PBXContainerItemProxy section */

/* Begin PBXFileReference section */
		9B73B27F2B8DF14E00F9E88D /* MyDiplomWorkTests.xctest */ = {isa = PBXFileReference; explicitFileType = wrapper.cfbundle; includeInIndex = 0; path = MyDiplomWorkTests.xctest; sourceTree = BUILT_PRODUCTS_DIR; };
		9B73B28C2B8DF53600F9E88D /* MyDiplomWorkTest.xctest */ = {isa = PBXFileReference; explicitFileType = wrapper.cfbundle; includeInIndex = 0; path = MyDiplomWorkTest.xctest; sourceTree = BUILT_PRODUCTS_DIR; };
		9B73B28E2B8DF53600F9E88D /* MyDiplomWorkUnitTest.swift */ = {isa = PBXFileReference; lastKnownFileType = sourcecode.swift; path = MyDiplomWorkUnitTest.swift; sourceTree = "<group>"; };
		9B73B2992B8DFF7A00F9E88D /* MyDiplomWorkUITests.xctest */ = {isa = PBXFileReference; explicitFileType = wrapper.cfbundle; includeInIndex = 0; path = MyDiplomWorkUITests.xctest; sourceTree = BUILT_PRODUCTS_DIR; };
		9B73B29B2B8DFF7A00F9E88D /* MyDiplomWorkUITests.swift */ = {isa = PBXFileReference; lastKnownFileType = sourcecode.swift; path = MyDiplomWorkUITests.swift; sourceTree = "<group>"; };
		9B73B29D2B8DFF7A00F9E88D /* MyDiplomWorkUITestsLaunchTests.swift */ = {isa = PBXFileReference; lastKnownFileType = sourcecode.swift; path = MyDiplomWorkUITestsLaunchTests.swift; sourceTree = "<group>"; };
		9B75F3522B8B6EA0005274F0 /* MyDiplomWork.app */ = {isa = PBXFileReference; explicitFileType = wrapper.application; includeInIndex = 0; path = MyDiplomWork.app; sourceTree = BUILT_PRODUCTS_DIR; };
		9B75F3552B8B6EA0005274F0 /* MyDiplomWorkApp.swift */ = {isa = PBXFileReference; lastKnownFileType = sourcecode.swift; path = MyDiplomWorkApp.swift; sourceTree = "<group>"; };
		9B75F3572B8B6EA0005274F0 /* ContentView.swift */ = {isa = PBXFileReference; lastKnownFileType = sourcecode.swift; path = ContentView.swift; sourceTree = "<group>"; };
		9B75F3592B8B6EA2005274F0 /* Assets.xcassets */ = {isa = PBXFileReference; lastKnownFileType = folder.assetcatalog; path = Assets.xcassets; sourceTree = "<group>"; };
		9B75F35C2B8B6EA2005274F0 /* Preview Assets.xcassets */ = {isa = PBXFileReference; lastKnownFileType = folder.assetcatalog; path = "Preview Assets.xcassets"; sourceTree = "<group>"; };
		9B75F3652B8B6FB5005274F0 /* ExtensionSequence.swift */ = {isa = PBXFileReference; lastKnownFileType = sourcecode.swift; path = ExtensionSequence.swift; sourceTree = "<group>"; };
		9B75F36B2B8B7287005274F0 /* Sales.swift */ = {isa = PBXFileReference; lastKnownFileType = sourcecode.swift; path = Sales.swift; sourceTree = "<group>"; };
		9B75F36D2B8B72E8005274F0 /* Product.swift */ = {isa = PBXFileReference; lastKnownFileType = sourcecode.swift; path = Product.swift; sourceTree = "<group>"; };
		9B75F36F2B8B7421005274F0 /* ProductViewModel.swift */ = {isa = PBXFileReference; lastKnownFileType = sourcecode.swift; path = ProductViewModel.swift; sourceTree = "<group>"; };
		9B75F3712B8B758B005274F0 /* ProductPickerOption.swift */ = {isa = PBXFileReference; lastKnownFileType = sourcecode.swift; path = ProductPickerOption.swift; sourceTree = "<group>"; };
		9B75F3752B8B7B68005274F0 /* ProductPicker.swift */ = {isa = PBXFileReference; lastKnownFileType = sourcecode.swift; path = ProductPicker.swift; sourceTree = "<group>"; };
		9B75F3792B8B7C2C005274F0 /* ProductSalesSum.swift */ = {isa = PBXFileReference; lastKnownFileType = sourcecode.swift; path = ProductSalesSum.swift; sourceTree = "<group>"; };
		9B75F37B2B8B7D4C005274F0 /* ProductBar.swift */ = {isa = PBXFileReference; lastKnownFileType = sourcecode.swift; path = ProductBar.swift; sourceTree = "<group>"; };
		9B75F37E2B8B8343005274F0 /* TextAnimationValue.swift */ = {isa = PBXFileReference; lastKnownFileType = sourcecode.swift; path = TextAnimationValue.swift; sourceTree = "<group>"; };
/* End PBXFileReference section */

/* Begin PBXFrameworksBuildPhase section */
		9B73B27C2B8DF14E00F9E88D /* Frameworks */ = {
			isa = PBXFrameworksBuildPhase;
			buildActionMask = 2147483647;
			files = (
			);
			runOnlyForDeploymentPostprocessing = 0;
		};
		9B73B2892B8DF53600F9E88D /* Frameworks */ = {
			isa = PBXFrameworksBuildPhase;
			buildActionMask = 2147483647;
			files = (
			);
			runOnlyForDeploymentPostprocessing = 0;
		};
		9B73B2962B8DFF7A00F9E88D /* Frameworks */ = {
			isa = PBXFrameworksBuildPhase;
			buildActionMask = 2147483647;
			files = (
			);
			runOnlyForDeploymentPostprocessing = 0;
		};
		9B75F34F2B8B6EA0005274F0 /* Frameworks */ = {
			isa = PBXFrameworksBuildPhase;
			buildActionMask = 2147483647;
			files = (
			);
			runOnlyForDeploymentPostprocessing = 0;
		};
/* End PBXFrameworksBuildPhase section */

/* Begin PBXGroup section */
		9B73B28D2B8DF53600F9E88D /* MyDiplomWorkTest */ = {
			isa = PBXGroup;
			children = (
				9B73B28E2B8DF53600F9E88D /* MyDiplomWorkUnitTest.swift */,
			);
			path = MyDiplomWorkTest;
			sourceTree = "<group>";
		};
		9B73B29A2B8DFF7A00F9E88D /* MyDiplomWorkUITests */ = {
			isa = PBXGroup;
			children = (
				9B73B29B2B8DFF7A00F9E88D /* MyDiplomWorkUITests.swift */,
				9B73B29D2B8DFF7A00F9E88D /* MyDiplomWorkUITestsLaunchTests.swift */,
			);
			path = MyDiplomWorkUITests;
			sourceTree = "<group>";
		};
		9B75F3492B8B6EA0005274F0 = {
			isa = PBXGroup;
			children = (
				9B75F3542B8B6EA0005274F0 /* MyDiplomWork */,
				9B73B28D2B8DF53600F9E88D /* MyDiplomWorkTest */,
				9B73B29A2B8DFF7A00F9E88D /* MyDiplomWorkUITests */,
				9B75F3532B8B6EA0005274F0 /* Products */,
			);
			sourceTree = "<group>";
		};
		9B75F3532B8B6EA0005274F0 /* Products */ = {
			isa = PBXGroup;
			children = (
				9B75F3522B8B6EA0005274F0 /* MyDiplomWork.app */,
				9B73B27F2B8DF14E00F9E88D /* MyDiplomWorkTests.xctest */,
				9B73B28C2B8DF53600F9E88D /* MyDiplomWorkTest.xctest */,
				9B73B2992B8DFF7A00F9E88D /* MyDiplomWorkUITests.xctest */,
			);
			name = Products;
			sourceTree = "<group>";
		};
		9B75F3542B8B6EA0005274F0 /* MyDiplomWork */ = {
			isa = PBXGroup;
			children = (
				9B75F3572B8B6EA0005274F0 /* ContentView.swift */,
				9B75F37E2B8B8343005274F0 /* TextAnimationValue.swift */,
				9B75F3552B8B6EA0005274F0 /* MyDiplomWorkApp.swift */,
				9B75F3632B8B6F58005274F0 /* Model */,
				9B75F35B2B8B6EA2005274F0 /* Preview Content */,
				9B75F3592B8B6EA2005274F0 /* Assets.xcassets */,
				9B75F3652B8B6FB5005274F0 /* ExtensionSequence.swift */,
				9B75F3642B8B6F65005274F0 /* View */,
			);
			path = MyDiplomWork;
			sourceTree = "<group>";
		};
		9B75F35B2B8B6EA2005274F0 /* Preview Content */ = {
			isa = PBXGroup;
			children = (
				9B75F35C2B8B6EA2005274F0 /* Preview Assets.xcassets */,
			);
			path = "Preview Content";
			sourceTree = "<group>";
		};
		9B75F3632B8B6F58005274F0 /* Model */ = {
			isa = PBXGroup;
			children = (
				9B75F36B2B8B7287005274F0 /* Sales.swift */,
				9B75F36D2B8B72E8005274F0 /* Product.swift */,
				9B75F3712B8B758B005274F0 /* ProductPickerOption.swift */,
			);
			path = Model;
			sourceTree = "<group>";
		};
		9B75F3642B8B6F65005274F0 /* View */ = {
			isa = PBXGroup;
			children = (
				9B75F36F2B8B7421005274F0 /* ProductViewModel.swift */,
				9B75F3752B8B7B68005274F0 /* ProductPicker.swift */,
				9B75F3792B8B7C2C005274F0 /* ProductSalesSum.swift */,
				9B75F37B2B8B7D4C005274F0 /* ProductBar.swift */,
			);
			path = View;
			sourceTree = "<group>";
		};
/* End PBXGroup section */

/* Begin PBXNativeTarget section */
		9B73B27E2B8DF14E00F9E88D /* MyDiplomWorkTests */ = {
			isa = PBXNativeTarget;
			buildConfigurationList = 9B73B2852B8DF14E00F9E88D /* Build configuration list for PBXNativeTarget "MyDiplomWorkTests" */;
			buildPhases = (
				9B73B27B2B8DF14E00F9E88D /* Sources */,
				9B73B27C2B8DF14E00F9E88D /* Frameworks */,
				9B73B27D2B8DF14E00F9E88D /* Resources */,
			);
			buildRules = (
			);
			dependencies = (
				9B73B2842B8DF14E00F9E88D /* PBXTargetDependency */,
			);
			name = MyDiplomWorkTests;
			productName = MyDiplomWorkTests;
			productReference = 9B73B27F2B8DF14E00F9E88D /* MyDiplomWorkTests.xctest */;
			productType = "com.apple.product-type.bundle.unit-test";
		};
		9B73B28B2B8DF53600F9E88D /* MyDiplomWorkTest */ = {
			isa = PBXNativeTarget;
			buildConfigurationList = 9B73B2922B8DF53600F9E88D /* Build configuration list for PBXNativeTarget "MyDiplomWorkTest" */;
			buildPhases = (
				9B73B2882B8DF53600F9E88D /* Sources */,
				9B73B2892B8DF53600F9E88D /* Frameworks */,
				9B73B28A2B8DF53600F9E88D /* Resources */,
			);
			buildRules = (
			);
			dependencies = (
				9B73B2912B8DF53600F9E88D /* PBXTargetDependency */,
			);
			name = MyDiplomWorkTest;
			productName = MyDiplomWorkTest;
			productReference = 9B73B28C2B8DF53600F9E88D /* MyDiplomWorkTest.xctest */;
			productType = "com.apple.product-type.bundle.unit-test";
		};
		9B73B2982B8DFF7A00F9E88D /* MyDiplomWorkUITests */ = {
			isa = PBXNativeTarget;
			buildConfigurationList = 9B73B2A12B8DFF7A00F9E88D /* Build configuration list for PBXNativeTarget "MyDiplomWorkUITests" */;
			buildPhases = (
				9B73B2952B8DFF7A00F9E88D /* Sources */,
				9B73B2962B8DFF7A00F9E88D /* Frameworks */,
				9B73B2972B8DFF7A00F9E88D /* Resources */,
			);
			buildRules = (
			);
			dependencies = (
				9B73B2A02B8DFF7A00F9E88D /* PBXTargetDependency */,
			);
			name = MyDiplomWorkUITests;
			productName = MyDiplomWorkUITests;
			productReference = 9B73B2992B8DFF7A00F9E88D /* MyDiplomWorkUITests.xctest */;
			productType = "com.apple.product-type.bundle.ui-testing";
		};
		9B75F3512B8B6EA0005274F0 /* MyDiplomWork */ = {
			isa = PBXNativeTarget;
			buildConfigurationList = 9B75F3602B8B6EA2005274F0 /* Build configuration list for PBXNativeTarget "MyDiplomWork" */;
			buildPhases = (
				9B75F34E2B8B6EA0005274F0 /* Sources */,
				9B75F34F2B8B6EA0005274F0 /* Frameworks */,
				9B75F3502B8B6EA0005274F0 /* Resources */,
			);
			buildRules = (
			);
			dependencies = (
			);
			name = MyDiplomWork;
			productName = MyDiplomWork;
			productReference = 9B75F3522B8B6EA0005274F0 /* MyDiplomWork.app */;
			productType = "com.apple.product-type.application";
		};
/* End PBXNativeTarget section */

/* Begin PBXProject section */
		9B75F34A2B8B6EA0005274F0 /* Project object */ = {
			isa = PBXProject;
			attributes = {
				BuildIndependentTargetsInParallel = 1;
				LastSwiftUpdateCheck = 1510;
				LastUpgradeCheck = 1510;
				TargetAttributes = {
					9B73B27E2B8DF14E00F9E88D = {
						CreatedOnToolsVersion = 15.1;
						TestTargetID = 9B75F3512B8B6EA0005274F0;
					};
					9B73B28B2B8DF53600F9E88D = {
						CreatedOnToolsVersion = 15.1;
						TestTargetID = 9B75F3512B8B6EA0005274F0;
					};
					9B73B2982B8DFF7A00F9E88D = {
						CreatedOnToolsVersion = 15.1;
						TestTargetID = 9B75F3512B8B6EA0005274F0;
					};
					9B75F3512B8B6EA0005274F0 = {
						CreatedOnToolsVersion = 15.1;
					};
				};
			};
			buildConfigurationList = 9B75F34D2B8B6EA0005274F0 /* Build configuration list for PBXProject "MyDiplomWork" */;
			compatibilityVersion = "Xcode 14.0";
			developmentRegion = en;
			hasScannedForEncodings = 0;
			knownRegions = (
				en,
				Base,
			);
			mainGroup = 9B75F3492B8B6EA0005274F0;
			productRefGroup = 9B75F3532B8B6EA0005274F0 /* Products */;
			projectDirPath = "";
			projectRoot = "";
			targets = (
				9B75F3512B8B6EA0005274F0 /* MyDiplomWork */,
				9B73B27E2B8DF14E00F9E88D /* MyDiplomWorkTests */,
				9B73B28B2B8DF53600F9E88D /* MyDiplomWorkTest */,
				9B73B2982B8DFF7A00F9E88D /* MyDiplomWorkUITests */,
			);
		};
/* End PBXProject section */

/* Begin PBXResourcesBuildPhase section */
		9B73B27D2B8DF14E00F9E88D /* Resources */ = {
			isa = PBXResourcesBuildPhase;
			buildActionMask = 2147483647;
			files = (
			);
			runOnlyForDeploymentPostprocessing = 0;
		};
		9B73B28A2B8DF53600F9E88D /* Resources */ = {
			isa = PBXResourcesBuildPhase;
			buildActionMask = 2147483647;
			files = (
			);
			runOnlyForDeploymentPostprocessing = 0;
		};
		9B73B2972B8DFF7A00F9E88D /* Resources */ = {
			isa = PBXResourcesBuildPhase;
			buildActionMask = 2147483647;
			files = (
			);
			runOnlyForDeploymentPostprocessing = 0;
		};
		9B75F3502B8B6EA0005274F0 /* Resources */ = {
			isa = PBXResourcesBuildPhase;
			buildActionMask = 2147483647;
			files = (
				9B75F35D2B8B6EA2005274F0 /* Preview Assets.xcassets in Resources */,
				9B75F35A2B8B6EA2005274F0 /* Assets.xcassets in Resources */,
			);
			runOnlyForDeploymentPostprocessing = 0;
		};
/* End PBXResourcesBuildPhase section */

/* Begin PBXSourcesBuildPhase section */
		9B73B27B2B8DF14E00F9E88D /* Sources */ = {
			isa = PBXSourcesBuildPhase;
			buildActionMask = 2147483647;
			files = (
			);
			runOnlyForDeploymentPostprocessing = 0;
		};
		9B73B2882B8DF53600F9E88D /* Sources */ = {
			isa = PBXSourcesBuildPhase;
			buildActionMask = 2147483647;
			files = (
				9B73B28F2B8DF53600F9E88D /* MyDiplomWorkUnitTest.swift in Sources */,
			);
			runOnlyForDeploymentPostprocessing = 0;
		};
		9B73B2952B8DFF7A00F9E88D /* Sources */ = {
			isa = PBXSourcesBuildPhase;
			buildActionMask = 2147483647;
			files = (
				9B73B29E2B8DFF7A00F9E88D /* MyDiplomWorkUITestsLaunchTests.swift in Sources */,
				9B73B29C2B8DFF7A00F9E88D /* MyDiplomWorkUITests.swift in Sources */,
			);
			runOnlyForDeploymentPostprocessing = 0;
		};
		9B75F34E2B8B6EA0005274F0 /* Sources */ = {
			isa = PBXSourcesBuildPhase;
			buildActionMask = 2147483647;
			files = (
				9B75F37C2B8B7D4C005274F0 /* ProductBar.swift in Sources */,
				9B75F3662B8B6FB5005274F0 /* ExtensionSequence.swift in Sources */,
				9B75F3762B8B7B68005274F0 /* ProductPicker.swift in Sources */,
				9B75F36C2B8B7287005274F0 /* Sales.swift in Sources */,
				9B75F37A2B8B7C2C005274F0 /* ProductSalesSum.swift in Sources */,
				9B75F3582B8B6EA0005274F0 /* ContentView.swift in Sources */,
				9B75F3722B8B758B005274F0 /* ProductPickerOption.swift in Sources */,
				9B75F3562B8B6EA0005274F0 /* MyDiplomWorkApp.swift in Sources */,
				9B75F3702B8B7421005274F0 /* ProductViewModel.swift in Sources */,
				9B75F36E2B8B72E8005274F0 /* Product.swift in Sources */,
				9B75F37F2B8B8343005274F0 /* TextAnimationValue.swift in Sources */,
			);
			runOnlyForDeploymentPostprocessing = 0;
		};
/* End PBXSourcesBuildPhase section */

/* Begin PBXTargetDependency section */
		9B73B2842B8DF14E00F9E88D /* PBXTargetDependency */ = {
			isa = PBXTargetDependency;
			target = 9B75F3512B8B6EA0005274F0 /* MyDiplomWork */;
			targetProxy = 9B73B2832B8DF14E00F9E88D /* PBXContainerItemProxy */;
		};
		9B73B2912B8DF53600F9E88D /* PBXTargetDependency */ = {
			isa = PBXTargetDependency;
			target = 9B75F3512B8B6EA0005274F0 /* MyDiplomWork */;
			targetProxy = 9B73B2902B8DF53600F9E88D /* PBXContainerItemProxy */;
		};
		9B73B2A02B8DFF7A00F9E88D /* PBXTargetDependency */ = {
			isa = PBXTargetDependency;
			target = 9B75F3512B8B6EA0005274F0 /* MyDiplomWork */;
			targetProxy = 9B73B29F2B8DFF7A00F9E88D /* PBXContainerItemProxy */;
		};
/* End PBXTargetDependency section */

/* Begin XCBuildConfiguration section */
		9B73B2862B8DF14E00F9E88D /* Debug */ = {
			isa = XCBuildConfiguration;
			buildSettings = {
				BUNDLE_LOADER = "$(TEST_HOST)";
				CODE_SIGN_STYLE = Automatic;
				CURRENT_PROJECT_VERSION = 1;
				GENERATE_INFOPLIST_FILE = YES;
				MARKETING_VERSION = 1.0;
				PRODUCT_BUNDLE_IDENTIFIER = "-.MyDiplomWorkTests";
				PRODUCT_NAME = "$(TARGET_NAME)";
				SWIFT_EMIT_LOC_STRINGS = NO;
				SWIFT_VERSION = 5.0;
				TARGETED_DEVICE_FAMILY = "1,2";
				TEST_HOST = "$(BUILT_PRODUCTS_DIR)/MyDiplomWork.app/$(BUNDLE_EXECUTABLE_FOLDER_PATH)/MyDiplomWork";
			};
			name = Debug;
		};
		9B73B2872B8DF14E00F9E88D /* Release */ = {
			isa = XCBuildConfiguration;
			buildSettings = {
				BUNDLE_LOADER = "$(TEST_HOST)";
				CODE_SIGN_STYLE = Automatic;
				CURRENT_PROJECT_VERSION = 1;
				GENERATE_INFOPLIST_FILE = YES;
				MARKETING_VERSION = 1.0;
				PRODUCT_BUNDLE_IDENTIFIER = "-.MyDiplomWorkTests";
				PRODUCT_NAME = "$(TARGET_NAME)";
				SWIFT_EMIT_LOC_STRINGS = NO;
				SWIFT_VERSION = 5.0;
				TARGETED_DEVICE_FAMILY = "1,2";
				TEST_HOST = "$(BUILT_PRODUCTS_DIR)/MyDiplomWork.app/$(BUNDLE_EXECUTABLE_FOLDER_PATH)/MyDiplomWork";
			};
			name = Release;
		};
		9B73B2932B8DF53600F9E88D /* Debug */ = {
			isa = XCBuildConfiguration;
			buildSettings = {
				BUNDLE_LOADER = "$(TEST_HOST)";
				CODE_SIGN_STYLE = Automatic;
				CURRENT_PROJECT_VERSION = 1;
				GENERATE_INFOPLIST_FILE = YES;
				MARKETING_VERSION = 1.0;
				PRODUCT_BUNDLE_IDENTIFIER = "-.MyDiplomWorkTest";
				PRODUCT_NAME = "$(TARGET_NAME)";
				SWIFT_EMIT_LOC_STRINGS = NO;
				SWIFT_VERSION = 5.0;
				TARGETED_DEVICE_FAMILY = "1,2";
				TEST_HOST = "$(BUILT_PRODUCTS_DIR)/MyDiplomWork.app/$(BUNDLE_EXECUTABLE_FOLDER_PATH)/MyDiplomWork";
			};
			name = Debug;
		};
		9B73B2942B8DF53600F9E88D /* Release */ = {
			isa = XCBuildConfiguration;
			buildSettings = {
				BUNDLE_LOADER = "$(TEST_HOST)";
				CODE_SIGN_STYLE = Automatic;
				CURRENT_PROJECT_VERSION = 1;
				GENERATE_INFOPLIST_FILE = YES;
				MARKETING_VERSION = 1.0;
				PRODUCT_BUNDLE_IDENTIFIER = "-.MyDiplomWorkTest";
				PRODUCT_NAME = "$(TARGET_NAME)";
				SWIFT_EMIT_LOC_STRINGS = NO;
				SWIFT_VERSION = 5.0;
				TARGETED_DEVICE_FAMILY = "1,2";
				TEST_HOST = "$(BUILT_PRODUCTS_DIR)/MyDiplomWork.app/$(BUNDLE_EXECUTABLE_FOLDER_PATH)/MyDiplomWork";
			};
			name = Release;
		};
		9B73B2A22B8DFF7A00F9E88D /* Debug */ = {
			isa = XCBuildConfiguration;
			buildSettings = {
				CODE_SIGN_STYLE = Automatic;
				CURRENT_PROJECT_VERSION = 1;
				GENERATE_INFOPLIST_FILE = YES;
				MARKETING_VERSION = 1.0;
				PRODUCT_BUNDLE_IDENTIFIER = "-.MyDiplomWorkUITests";
				PRODUCT_NAME = "$(TARGET_NAME)";
				SWIFT_EMIT_LOC_STRINGS = NO;
				SWIFT_VERSION = 5.0;
				TARGETED_DEVICE_FAMILY = "1,2";
				TEST_TARGET_NAME = MyDiplomWork;
			};
			name = Debug;
		};
		9B73B2A32B8DFF7A00F9E88D /* Release */ = {
			isa = XCBuildConfiguration;
			buildSettings = {
				CODE_SIGN_STYLE = Automatic;
				CURRENT_PROJECT_VERSION = 1;
				GENERATE_INFOPLIST_FILE = YES;
				MARKETING_VERSION = 1.0;
				PRODUCT_BUNDLE_IDENTIFIER = "-.MyDiplomWorkUITests";
				PRODUCT_NAME = "$(TARGET_NAME)";
				SWIFT_EMIT_LOC_STRINGS = NO;
				SWIFT_VERSION = 5.0;
				TARGETED_DEVICE_FAMILY = "1,2";
				TEST_TARGET_NAME = MyDiplomWork;
			};
			name = Release;
		};
		9B75F35E2B8B6EA2005274F0 /* Debug */ = {
			isa = XCBuildConfiguration;
			buildSettings = {
				ALWAYS_SEARCH_USER_PATHS = NO;
				ASSETCATALOG_COMPILER_GENERATE_SWIFT_ASSET_SYMBOL_EXTENSIONS = YES;
				CLANG_ANALYZER_NONNULL = YES;
				CLANG_ANALYZER_NUMBER_OBJECT_CONVERSION = YES_AGGRESSIVE;
				CLANG_CXX_LANGUAGE_STANDARD = "gnu++20";
				CLANG_ENABLE_MODULES = YES;
				CLANG_ENABLE_OBJC_ARC = YES;
				CLANG_ENABLE_OBJC_WEAK = YES;
				CLANG_WARN_BLOCK_CAPTURE_AUTORELEASING = YES;
				CLANG_WARN_BOOL_CONVERSION = YES;
				CLANG_WARN_COMMA = YES;
				CLANG_WARN_CONSTANT_CONVERSION = YES;
				CLANG_WARN_DEPRECATED_OBJC_IMPLEMENTATIONS = YES;
				CLANG_WARN_DIRECT_OBJC_ISA_USAGE = YES_ERROR;
				CLANG_WARN_DOCUMENTATION_COMMENTS = YES;
				CLANG_WARN_EMPTY_BODY = YES;
				CLANG_WARN_ENUM_CONVERSION = YES;
				CLANG_WARN_INFINITE_RECURSION = YES;
				CLANG_WARN_INT_CONVERSION = YES;
				CLANG_WARN_NON_LITERAL_NULL_CONVERSION = YES;
				CLANG_WARN_OBJC_IMPLICIT_RETAIN_SELF = YES;
				CLANG_WARN_OBJC_LITERAL_CONVERSION = YES;
				CLANG_WARN_OBJC_ROOT_CLASS = YES_ERROR;
				CLANG_WARN_QUOTED_INCLUDE_IN_FRAMEWORK_HEADER = YES;
				CLANG_WARN_RANGE_LOOP_ANALYSIS = YES;
				CLANG_WARN_STRICT_PROTOTYPES = YES;
				CLANG_WARN_SUSPICIOUS_MOVE = YES;
				CLANG_WARN_UNGUARDED_AVAILABILITY = YES_AGGRESSIVE;
				CLANG_WARN_UNREACHABLE_CODE = YES;
				CLANG_WARN__DUPLICATE_METHOD_MATCH = YES;
				COPY_PHASE_STRIP = NO;
				DEBUG_INFORMATION_FORMAT = dwarf;
				ENABLE_STRICT_OBJC_MSGSEND = YES;
				ENABLE_TESTABILITY = YES;
				ENABLE_USER_SCRIPT_SANDBOXING = YES;
				GCC_C_LANGUAGE_STANDARD = gnu17;
				GCC_DYNAMIC_NO_PIC = NO;
				GCC_NO_COMMON_BLOCKS = YES;
				GCC_OPTIMIZATION_LEVEL = 0;
				GCC_PREPROCESSOR_DEFINITIONS = (
					"DEBUG=1",
					"$(inherited)",
				);
				GCC_WARN_64_TO_32_BIT_CONVERSION = YES;
				GCC_WARN_ABOUT_RETURN_TYPE = YES_ERROR;
				GCC_WARN_UNDECLARED_SELECTOR = YES;
				GCC_WARN_UNINITIALIZED_AUTOS = YES_AGGRESSIVE;
				GCC_WARN_UNUSED_FUNCTION = YES;
				GCC_WARN_UNUSED_VARIABLE = YES;
				IPHONEOS_DEPLOYMENT_TARGET = 17.2;
				LOCALIZATION_PREFERS_STRING_CATALOGS = YES;
				MTL_ENABLE_DEBUG_INFO = INCLUDE_SOURCE;
				MTL_FAST_MATH = YES;
				ONLY_ACTIVE_ARCH = YES;
				SDKROOT = iphoneos;
				SWIFT_ACTIVE_COMPILATION_CONDITIONS = "DEBUG $(inherited)";
				SWIFT_OPTIMIZATION_LEVEL = "-Onone";
			};
			name = Debug;
		};
		9B75F35F2B8B6EA2005274F0 /* Release */ = {
			isa = XCBuildConfiguration;
			buildSettings = {
				ALWAYS_SEARCH_USER_PATHS = NO;
				ASSETCATALOG_COMPILER_GENERATE_SWIFT_ASSET_SYMBOL_EXTENSIONS = YES;
				CLANG_ANALYZER_NONNULL = YES;
				CLANG_ANALYZER_NUMBER_OBJECT_CONVERSION = YES_AGGRESSIVE;
				CLANG_CXX_LANGUAGE_STANDARD = "gnu++20";
				CLANG_ENABLE_MODULES = YES;
				CLANG_ENABLE_OBJC_ARC = YES;
				CLANG_ENABLE_OBJC_WEAK = YES;
				CLANG_WARN_BLOCK_CAPTURE_AUTORELEASING = YES;
				CLANG_WARN_BOOL_CONVERSION = YES;
				CLANG_WARN_COMMA = YES;
				CLANG_WARN_CONSTANT_CONVERSION = YES;
				CLANG_WARN_DEPRECATED_OBJC_IMPLEMENTATIONS = YES;
				CLANG_WARN_DIRECT_OBJC_ISA_USAGE = YES_ERROR;
				CLANG_WARN_DOCUMENTATION_COMMENTS = YES;
				CLANG_WARN_EMPTY_BODY = YES;
				CLANG_WARN_ENUM_CONVERSION = YES;
				CLANG_WARN_INFINITE_RECURSION = YES;
				CLANG_WARN_INT_CONVERSION = YES;
				CLANG_WARN_NON_LITERAL_NULL_CONVERSION = YES;
				CLANG_WARN_OBJC_IMPLICIT_RETAIN_SELF = YES;
				CLANG_WARN_OBJC_LITERAL_CONVERSION = YES;
				CLANG_WARN_OBJC_ROOT_CLASS = YES_ERROR;
				CLANG_WARN_QUOTED_INCLUDE_IN_FRAMEWORK_HEADER = YES;
				CLANG_WARN_RANGE_LOOP_ANALYSIS = YES;
				CLANG_WARN_STRICT_PROTOTYPES = YES;
				CLANG_WARN_SUSPICIOUS_MOVE = YES;
				CLANG_WARN_UNGUARDED_AVAILABILITY = YES_AGGRESSIVE;
				CLANG_WARN_UNREACHABLE_CODE = YES;
				CLANG_WARN__DUPLICATE_METHOD_MATCH = YES;
				COPY_PHASE_STRIP = NO;
				DEBUG_INFORMATION_FORMAT = "dwarf-with-dsym";
				ENABLE_NS_ASSERTIONS = NO;
				ENABLE_STRICT_OBJC_MSGSEND = YES;
				ENABLE_USER_SCRIPT_SANDBOXING = YES;
				GCC_C_LANGUAGE_STANDARD = gnu17;
				GCC_NO_COMMON_BLOCKS = YES;
				GCC_WARN_64_TO_32_BIT_CONVERSION = YES;
				GCC_WARN_ABOUT_RETURN_TYPE = YES_ERROR;
				GCC_WARN_UNDECLARED_SELECTOR = YES;
				GCC_WARN_UNINITIALIZED_AUTOS = YES_AGGRESSIVE;
				GCC_WARN_UNUSED_FUNCTION = YES;
				GCC_WARN_UNUSED_VARIABLE = YES;
				IPHONEOS_DEPLOYMENT_TARGET = 17.2;
				LOCALIZATION_PREFERS_STRING_CATALOGS = YES;
				MTL_ENABLE_DEBUG_INFO = NO;
				MTL_FAST_MATH = YES;
				SDKROOT = iphoneos;
				SWIFT_COMPILATION_MODE = wholemodule;
				VALIDATE_PRODUCT = YES;
			};
			name = Release;
		};
		9B75F3612B8B6EA2005274F0 /* Debug */ = {
			isa = XCBuildConfiguration;
			buildSettings = {
				ASSETCATALOG_COMPILER_APPICON_NAME = AppIcon;
				ASSETCATALOG_COMPILER_GLOBAL_ACCENT_COLOR_NAME = AccentColor;
				CODE_SIGN_STYLE = Automatic;
				CURRENT_PROJECT_VERSION = 1;
				DEVELOPMENT_ASSET_PATHS = "\"MyDiplomWork/Preview Content\"";
				ENABLE_PREVIEWS = YES;
				GENERATE_INFOPLIST_FILE = YES;
				INFOPLIST_KEY_UIApplicationSceneManifest_Generation = YES;
				INFOPLIST_KEY_UIApplicationSupportsIndirectInputEvents = YES;
				INFOPLIST_KEY_UILaunchScreen_Generation = YES;
				INFOPLIST_KEY_UISupportedInterfaceOrientations_iPad = "UIInterfaceOrientationPortrait UIInterfaceOrientationPortraitUpsideDown UIInterfaceOrientationLandscapeLeft UIInterfaceOrientationLandscapeRight";
				INFOPLIST_KEY_UISupportedInterfaceOrientations_iPhone = "UIInterfaceOrientationPortrait UIInterfaceOrientationLandscapeLeft UIInterfaceOrientationLandscapeRight";
				LD_RUNPATH_SEARCH_PATHS = (
					"$(inherited)",
					"@executable_path/Frameworks",
				);
				MARKETING_VERSION = 1.0;
				PRODUCT_BUNDLE_IDENTIFIER = "-.MyDiplomWork";
				PRODUCT_NAME = "$(TARGET_NAME)";
				SWIFT_EMIT_LOC_STRINGS = YES;
				SWIFT_VERSION = 5.0;
				TARGETED_DEVICE_FAMILY = "1,2";
			};
			name = Debug;
		};
		9B75F3622B8B6EA2005274F0 /* Release */ = {
			isa = XCBuildConfiguration;
			buildSettings = {
				ASSETCATALOG_COMPILER_APPICON_NAME = AppIcon;
				ASSETCATALOG_COMPILER_GLOBAL_ACCENT_COLOR_NAME = AccentColor;
				CODE_SIGN_STYLE = Automatic;
				CURRENT_PROJECT_VERSION = 1;
				DEVELOPMENT_ASSET_PATHS = "\"MyDiplomWork/Preview Content\"";
				ENABLE_PREVIEWS = YES;
				GENERATE_INFOPLIST_FILE = YES;
				INFOPLIST_KEY_UIApplicationSceneManifest_Generation = YES;
				INFOPLIST_KEY_UIApplicationSupportsIndirectInputEvents = YES;
				INFOPLIST_KEY_UILaunchScreen_Generation = YES;
				INFOPLIST_KEY_UISupportedInterfaceOrientations_iPad = "UIInterfaceOrientationPortrait UIInterfaceOrientationPortraitUpsideDown UIInterfaceOrientationLandscapeLeft UIInterfaceOrientationLandscapeRight";
				INFOPLIST_KEY_UISupportedInterfaceOrientations_iPhone = "UIInterfaceOrientationPortrait UIInterfaceOrientationLandscapeLeft UIInterfaceOrientationLandscapeRight";
				LD_RUNPATH_SEARCH_PATHS = (
					"$(inherited)",
					"@executable_path/Frameworks",
				);
				MARKETING_VERSION = 1.0;
				PRODUCT_BUNDLE_IDENTIFIER = "-.MyDiplomWork";
				PRODUCT_NAME = "$(TARGET_NAME)";
				SWIFT_EMIT_LOC_STRINGS = YES;
				SWIFT_VERSION = 5.0;
				TARGETED_DEVICE_FAMILY = "1,2";
			};
			name = Release;
		};
/* End XCBuildConfiguration section */

/* Begin XCConfigurationList section */
		9B73B2852B8DF14E00F9E88D /* Build configuration list for PBXNativeTarget "MyDiplomWorkTests" */ = {
			isa = XCConfigurationList;
			buildConfigurations = (
				9B73B2862B8DF14E00F9E88D /* Debug */,
				9B73B2872B8DF14E00F9E88D /* Release */,
			);
			defaultConfigurationIsVisible = 0;
			defaultConfigurationName = Release;
		};
		9B73B2922B8DF53600F9E88D /* Build configuration list for PBXNativeTarget "MyDiplomWorkTest" */ = {
			isa = XCConfigurationList;
			buildConfigurations = (
				9B73B2932B8DF53600F9E88D /* Debug */,
				9B73B2942B8DF53600F9E88D /* Release */,
			);
			defaultConfigurationIsVisible = 0;
			defaultConfigurationName = Release;
		};
		9B73B2A12B8DFF7A00F9E88D /* Build configuration list for PBXNativeTarget "MyDiplomWorkUITests" */ = {
			isa = XCConfigurationList;
			buildConfigurations = (
				9B73B2A22B8DFF7A00F9E88D /* Debug */,
				9B73B2A32B8DFF7A00F9E88D /* Release */,
			);
			defaultConfigurationIsVisible = 0;
			defaultConfigurationName = Release;
		};
		9B75F34D2B8B6EA0005274F0 /* Build configuration list for PBXProject "MyDiplomWork" */ = {
			isa = XCConfigurationList;
			buildConfigurations = (
				9B75F35E2B8B6EA2005274F0 /* Debug */,
				9B75F35F2B8B6EA2005274F0 /* Release */,
			);
			defaultConfigurationIsVisible = 0;
			defaultConfigurationName = Release;
		};
		9B75F3602B8B6EA2005274F0 /* Build configuration list for PBXNativeTarget "MyDiplomWork" */ = {
			isa = XCConfigurationList;
			buildConfigurations = (
				9B75F3612B8B6EA2005274F0 /* Debug */,
				9B75F3622B8B6EA2005274F0 /* Release */,
			);
			defaultConfigurationIsVisible = 0;
			defaultConfigurationName = Release;
		};
/* End XCConfigurationList section */
	};
	rootObject = 9B75F34A2B8B6EA0005274F0 /* Project object */;
}
